
Microsoft Visual Studio Solution File, Format Version 12.00
# Visual Studio Version 17
VisualStudioVersion = 17.0.31903.59
MinimumVisualStudioVersion = 10.0.40219.1
Project("{FAE04EC0-301F-11D3-BF4B-00C04F79EFBC}") = "KoffeeKount.Tests", "KoffeeKount.Tests\KoffeeKount.Tests.csproj", "{200F1B33-366A-4628-B191-A6AB36D8EDBC}"
EndProject
Project("{FAE04EC0-301F-11D3-BF4B-00C04F79EFBC}") = "KoffeeKount", "KoffeeKount\KoffeeKount.csproj", "{F54E4C31-26E0-4E2F-8C66-4AA032443326}"
EndProject
Global
	GlobalSection(SolutionConfigurationPlatforms) = preSolution
		Debug|Any CPU = Debug|Any CPU
		Release|Any CPU = Release|Any CPU
	EndGlobalSection
	GlobalSection(SolutionProperties) = preSolution
		HideSolutionNode = FALSE
	EndGlobalSection
	GlobalSection(ProjectConfigurationPlatforms) = postSolution
		{200F1B33-366A-4628-B191-A6AB36D8EDBC}.Debug|Any CPU.ActiveCfg = Debug|Any CPU
		{200F1B33-366A-4628-B191-A6AB36D8EDBC}.Debug|Any CPU.Build.0 = Debug|Any CPU
		{200F1B33-366A-4628-B191-A6AB36D8EDBC}.Release|Any CPU.ActiveCfg = Release|Any CPU
		{200F1B33-366A-4628-B191-A6AB36D8EDBC}.Release|Any CPU.Build.0 = Release|Any CPU
		{F54E4C31-26E0-4E2F-8C66-4AA032443326}.Debug|Any CPU.ActiveCfg = Debug|Any CPU
		{F54E4C31-26E0-4E2F-8C66-4AA032443326}.Debug|Any CPU.Build.0 = Debug|Any CPU
		{F54E4C31-26E0-4E2F-8C66-4AA032443326}.Release|Any CPU.ActiveCfg = Release|Any CPU
		{F54E4C31-26E0-4E2F-8C66-4AA032443326}.Release|Any CPU.Build.0 = Release|Any CPU
	EndGlobalSection
EndGlobal
